
Microsoft Visual Studio Solution File, Format Version 12.00
# Visual Studio Version 16
VisualStudioVersion = 16.0.31009.191
MinimumVisualStudioVersion = 10.0.40219.1
Project("{FAE04EC0-301F-11D3-BF4B-00C04F79EFBC}") = "WebApp1", "WebApp1.csproj", "{77475B3F-A1D0-4CD3-A29C-BC51DC0310E9}"
EndProject
Global
	GlobalSection(SolutionConfigurationPlatforms) = preSolution
		Debug|Any CPU = Debug|Any CPU
		Release|Any CPU = Release|Any CPU
	EndGlobalSection
	GlobalSection(ProjectConfigurationPlatforms) = postSolution
		{77475B3F-A1D0-4CD3-A29C-BC51DC0310E9}.Debug|Any CPU.ActiveCfg = Debug|Any CPU
		{77475B3F-A1D0-4CD3-A29C-BC51DC0310E9}.Debug|Any CPU.Build.0 = Debug|Any CPU
		{77475B3F-A1D0-4CD3-A29C-BC51DC0310E9}.Release|Any CPU.ActiveCfg = Release|Any CPU
		{77475B3F-A1D0-4CD3-A29C-BC51DC0310E9}.Release|Any CPU.Build.0 = Release|Any CPU
	EndGlobalSection
	GlobalSection(SolutionProperties) = preSolution
		HideSolutionNode = FALSE
	EndGlobalSection
	GlobalSection(ExtensibilityGlobals) = postSolution
		SolutionGuid = {87826E34-B014-4CA6-86FA-729595EA8CA6}
	EndGlobalSection
EndGlobal
